
Microsoft Visual Studio Solution File, Format Version 12.00
# Visual Studio Version 17
VisualStudioVersion = 17.7.34031.279
MinimumVisualStudioVersion = 10.0.40219.1
Project("{FAE04EC0-301F-11D3-BF4B-00C04F79EFBC}") = "AssignmentLINQSyntax", "AssignmentLINQSyntax.csproj", "{1C48E184-F7A7-4865-AA25-1816FA0EDFBE}"
EndProject
Global
	GlobalSection(SolutionConfigurationPlatforms) = preSolution
		Debug|Any CPU = Debug|Any CPU
		Release|Any CPU = Release|Any CPU
	EndGlobalSection
	GlobalSection(ProjectConfigurationPlatforms) = postSolution
		{1C48E184-F7A7-4865-AA25-1816FA0EDFBE}.Debug|Any CPU.ActiveCfg = Debug|Any CPU
		{1C48E184-F7A7-4865-AA25-1816FA0EDFBE}.Debug|Any CPU.Build.0 = Debug|Any CPU
		{1C48E184-F7A7-4865-AA25-1816FA0EDFBE}.Release|Any CPU.ActiveCfg = Release|Any CPU
		{1C48E184-F7A7-4865-AA25-1816FA0EDFBE}.Release|Any CPU.Build.0 = Release|Any CPU
	EndGlobalSection
	GlobalSection(SolutionProperties) = preSolution
		HideSolutionNode = FALSE
	EndGlobalSection
	GlobalSection(ExtensibilityGlobals) = postSolution
		SolutionGuid = {4F5A68B6-343B-47E9-B1BF-6DE1C75B4B79}
	EndGlobalSection
EndGlobal
